
Microsoft Visual Studio Solution File, Format Version 12.00
# Visual Studio 15
VisualStudioVersion = 15.0.27130.2010
MinimumVisualStudioVersion = 10.0.40219.1
Project("{FAE04EC0-301F-11D3-BF4B-00C04F79EFBC}") = "Codewars_HumanReadableTime", "Codewars_HumanReadableTime\Codewars_HumanReadableTime.csproj", "{D08854E0-63C3-47FB-BB9A-F9BF2DAF16D2}"
EndProject
Global
	GlobalSection(SolutionConfigurationPlatforms) = preSolution
		Debug|Any CPU = Debug|Any CPU
		Release|Any CPU = Release|Any CPU
	EndGlobalSection
	GlobalSection(ProjectConfigurationPlatforms) = postSolution
		{D08854E0-63C3-47FB-BB9A-F9BF2DAF16D2}.Debug|Any CPU.ActiveCfg = Debug|Any CPU
		{D08854E0-63C3-47FB-BB9A-F9BF2DAF16D2}.Debug|Any CPU.Build.0 = Debug|Any CPU
		{D08854E0-63C3-47FB-BB9A-F9BF2DAF16D2}.Release|Any CPU.ActiveCfg = Release|Any CPU
		{D08854E0-63C3-47FB-BB9A-F9BF2DAF16D2}.Release|Any CPU.Build.0 = Release|Any CPU
	EndGlobalSection
	GlobalSection(SolutionProperties) = preSolution
		HideSolutionNode = FALSE
	EndGlobalSection
	GlobalSection(ExtensibilityGlobals) = postSolution
		SolutionGuid = {86BF3A3D-51CF-47C8-A0E6-E1033AB8B505}
	EndGlobalSection
EndGlobal
